
Microsoft Visual Studio Solution File, Format Version 12.00
# Visual Studio Version 17
VisualStudioVersion = 17.14.36109.1 d17.14
MinimumVisualStudioVersion = 10.0.40219.1
Project("{FAE04EC0-301F-11D3-BF4B-00C04F79EFBC}") = "Koleksiyonlar1", "Koleksiyonlar1\Koleksiyonlar1.csproj", "{C6217B54-4BA2-460A-8688-4AD12CA02AE7}"
EndProject
Global
	GlobalSection(SolutionConfigurationPlatforms) = preSolution
		Debug|Any CPU = Debug|Any CPU
		Release|Any CPU = Release|Any CPU
	EndGlobalSection
	GlobalSection(ProjectConfigurationPlatforms) = postSolution
		{C6217B54-4BA2-460A-8688-4AD12CA02AE7}.Debug|Any CPU.ActiveCfg = Debug|Any CPU
		{C6217B54-4BA2-460A-8688-4AD12CA02AE7}.Debug|Any CPU.Build.0 = Debug|Any CPU
		{C6217B54-4BA2-460A-8688-4AD12CA02AE7}.Release|Any CPU.ActiveCfg = Release|Any CPU
		{C6217B54-4BA2-460A-8688-4AD12CA02AE7}.Release|Any CPU.Build.0 = Release|Any CPU
	EndGlobalSection
	GlobalSection(SolutionProperties) = preSolution
		HideSolutionNode = FALSE
	EndGlobalSection
	GlobalSection(ExtensibilityGlobals) = postSolution
		SolutionGuid = {FB7B4281-E12D-4D84-A47B-8B33B47BC9D8}
	EndGlobalSection
EndGlobal
